
Microsoft Visual Studio Solution File, Format Version 12.00
Project("{2150E333-8FDC-42A3-9474-1A3956D46DE8}") = "src", "src", "{4B7659C3-A3E8-4391-8A06-0B52EEEAE336}"
EndProject
Project("{FAE04EC0-301F-11D3-BF4B-00C04F79EFBC}") = "Lykke.BilService.EthereumSignService", "src\Lykke.BilService.EthereumSignService\Lykke.BilService.EthereumSignService.csproj", "{64AE9020-6303-4394-9A76-20748FE5E795}"
EndProject
Project("{2150E333-8FDC-42A3-9474-1A3956D46DE8}") = "tests", "tests", "{B30487CD-DE65-4EB6-AB97-41C903515F9F}"
EndProject
Project("{FAE04EC0-301F-11D3-BF4B-00C04F79EFBC}") = "Lykke.BilService.EthereumSignService.Tests", "tests\Lykke.BilService.EthereumSignService.Tests\Lykke.BilService.EthereumSignService.Tests.csproj", "{4BDB8F4A-0B65-4EC4-B0BB-6A2B791A983C}"
EndProject
Global
	GlobalSection(SolutionConfigurationPlatforms) = preSolution
		Debug|Any CPU = Debug|Any CPU
		Release|Any CPU = Release|Any CPU
	EndGlobalSection
	GlobalSection(NestedProjects) = preSolution
		{64AE9020-6303-4394-9A76-20748FE5E795} = {4B7659C3-A3E8-4391-8A06-0B52EEEAE336}
		{4BDB8F4A-0B65-4EC4-B0BB-6A2B791A983C} = {B30487CD-DE65-4EB6-AB97-41C903515F9F}
	EndGlobalSection
	GlobalSection(ProjectConfigurationPlatforms) = postSolution
		{64AE9020-6303-4394-9A76-20748FE5E795}.Debug|Any CPU.ActiveCfg = Debug|Any CPU
		{64AE9020-6303-4394-9A76-20748FE5E795}.Debug|Any CPU.Build.0 = Debug|Any CPU
		{64AE9020-6303-4394-9A76-20748FE5E795}.Release|Any CPU.ActiveCfg = Release|Any CPU
		{64AE9020-6303-4394-9A76-20748FE5E795}.Release|Any CPU.Build.0 = Release|Any CPU
		{4BDB8F4A-0B65-4EC4-B0BB-6A2B791A983C}.Debug|Any CPU.ActiveCfg = Debug|Any CPU
		{4BDB8F4A-0B65-4EC4-B0BB-6A2B791A983C}.Debug|Any CPU.Build.0 = Debug|Any CPU
		{4BDB8F4A-0B65-4EC4-B0BB-6A2B791A983C}.Release|Any CPU.ActiveCfg = Release|Any CPU
		{4BDB8F4A-0B65-4EC4-B0BB-6A2B791A983C}.Release|Any CPU.Build.0 = Release|Any CPU
	EndGlobalSection
EndGlobal
